PODS:
  - Mux-Stats-AVPlayer (2.5.0):
    - Mux-Stats-Core (~> 3.4)
  - Mux-Stats-Core (3.4.0)

DEPENDENCIES:
  - Mux-Stats-AVPlayer

SPEC REPOS:
  trunk:
    - Mux-Stats-AVPlayer
    - Mux-Stats-Core

SPEC CHECKSUMS:
  Mux-Stats-AVPlayer: f36338adcf1cdda3c71424401934684011420594
  Mux-Stats-Core: 95905303d4b7fdf3996afef5d203b69becc08c5a

PODFILE CHECKSUM: 0d29b4eb94ca4156fe520b3131c4c588efa84bf0

COCOAPODS: 1.10.1
