PODS:
  - Mux-Stats-AVPlayer (2.1.0):
    - Mux-Stats-Core (~> 3.1.0)
  - Mux-Stats-Core (3.1.0)

DEPENDENCIES:
  - Mux-Stats-AVPlayer (= 2.1.0)

SPEC REPOS:
  trunk:
    - Mux-Stats-AVPlayer
    - Mux-Stats-Core

SPEC CHECKSUMS:
  Mux-Stats-AVPlayer: 221b407d53465b8605141089bf0f4471c31ece47
  Mux-Stats-Core: b45bb101d0ea629bd443de0e690f9a7eedd7b5b8

PODFILE CHECKSUM: bac1a0b20dce3cf27f2093982be097bd7db13132

COCOAPODS: 1.10.1
