PODS:
  - Mux-Stats-AVPlayer (2.2.0):
    - Mux-Stats-Core (~> 3.2)
  - Mux-Stats-Core (3.4.0)

DEPENDENCIES:
  - Mux-Stats-AVPlayer (= 2.2.0)

SPEC REPOS:
  trunk:
    - Mux-Stats-AVPlayer
    - Mux-Stats-Core

SPEC CHECKSUMS:
  Mux-Stats-AVPlayer: dae415200dda3c8b2e887cf12e7b6b8d14fbf8e6
  Mux-Stats-Core: 95905303d4b7fdf3996afef5d203b69becc08c5a

PODFILE CHECKSUM: 918c20fbdced72717ec99799f802709aafe643e1

COCOAPODS: 1.10.1
